# THIS IS AN AUTOGENERATED FILE. DO NOT EDIT THIS FILE DIRECTLY.
# yarn lockfile v1


"@giancarl021/type-inference@^0.1.3":
  version "0.1.3"
  resolved "https://registry.yarnpkg.com/@giancarl021/type-inference/-/type-inference-0.1.3.tgz#6a0acf3353b39f7df0af49634724e435b64cb691"
  integrity sha512-yyLj6s5fmfRU+lpuCEs08X3iSnjKbMNjnPKbd7ilMVahekzrLw4VbfnIkjHSVrtuI3eGWRUktzL6MPOo1L2ZWA==

clone@^2.1.2:
  version "2.1.2"
  resolved "https://registry.yarnpkg.com/clone/-/clone-2.1.2.tgz#1b7f4b9f591f1e8f83670401600345a02887435f"
  integrity sha1-G39Ln1kfHo+DZwQBYANFoCiHQ18=

fill-object@^0.1.1:
  version "0.1.1"
  resolved "https://registry.yarnpkg.com/fill-object/-/fill-object-0.1.1.tgz#6b98ce1615343d6ad7a13f425f54b0a2056d54fa"
  integrity sha512-p2OMVbcRYeT9eDUeosU2NcJKL+dsl5MJzPhmdcsvtTg2hnBxN/viV1lh1zgbzyuQDxDy5g78YAcadEpXtfYNwQ==
  dependencies:
    clone "^2.1.2"

regex-escape@^3.4.10:
  version "3.4.10"
  resolved "https://registry.yarnpkg.com/regex-escape/-/regex-escape-3.4.10.tgz#b45afec7a6e793b786ad193dc3d18b46b5ae08e6"
  integrity sha512-qEqf7uzW+iYcKNLMDFnMkghhQBnGdivT6KqVQyKsyjSWnoFyooXVnxrw9dtv3AFLnD6VBGXxtZGAQNFGFTnCqA==

typescript@^4.6.2:
  version "4.6.2"
  resolved "https://registry.yarnpkg.com/typescript/-/typescript-4.6.2.tgz#fe12d2727b708f4eef40f51598b3398baa9611d4"
  integrity sha512-HM/hFigTBHZhLXshn9sN37H085+hQGeJHJ/X7LpBWLID/fbc2acUMfU+lGD98X81sKP+pFa9f0DZmCwB9GnbAg==
